
Microsoft Visual Studio Solution File, Format Version 12.00
# Visual Studio Version 16
VisualStudioVersion = 16.0.31129.286
MinimumVisualStudioVersion = 10.0.40219.1
Project("{9A19103F-16F7-4668-BE54-9A1E7A4F7556}") = "CICalc", "CICalc.csproj", "{BF787582-F393-4551-AB8F-DD986682E2CB}"
EndProject
Global
	GlobalSection(SolutionConfigurationPlatforms) = preSolution
		Debug|Any CPU = Debug|Any CPU
		Release|Any CPU = Release|Any CPU
	EndGlobalSection
	GlobalSection(ProjectConfigurationPlatforms) = postSolution
		{BF787582-F393-4551-AB8F-DD986682E2CB}.Debug|Any CPU.ActiveCfg = Debug|Any CPU
		{BF787582-F393-4551-AB8F-DD986682E2CB}.Debug|Any CPU.Build.0 = Debug|Any CPU
		{BF787582-F393-4551-AB8F-DD986682E2CB}.Release|Any CPU.ActiveCfg = Release|Any CPU
		{BF787582-F393-4551-AB8F-DD986682E2CB}.Release|Any CPU.Build.0 = Release|Any CPU
	EndGlobalSection
	GlobalSection(SolutionProperties) = preSolution
		HideSolutionNode = FALSE
	EndGlobalSection
	GlobalSection(ExtensibilityGlobals) = postSolution
		SolutionGuid = {98ABD743-C372-4D20-ABD9-8C4050EE5A97}
	EndGlobalSection
EndGlobal
